github.com/barnex/fmath v0.0.0-20150108074215-ec9671f295c2/go.mod h1:G7XW+2O6Hk/x6OP8AuwZjI8ZTyXvKDTTKaRK92gapfk=
github.com/flywave/go-proj v0.0.0-20220711031457-21eef16de10a h1:gwUuuNIkhGSzojZuTjH6JMrSodflravKhWe7k3n9Tb0=
github.com/flywave/go-proj v0.0.0-20220711031457-21eef16de10a/go.mod h1:RX83BRZNwcerL4DIU5TqQyKarhYx8W/cwTMYfSAwXiE=
github.com/flywave/go-tin v0.0.0-20220223031304-eac1b215d1cb h1:yQwn/w3bt0I2WjVQmZS1yt7J0013A1vjMzQD4sokwkE=
github.com/flywave/go-tin v0.0.0-20220223031304-eac1b215d1cb/go.mod h1:0hyQ9vusB4J5rKXkvlqa1umPsE3Z7fjTKRYFXvvZbPg=
github.com/flywave/go3d v0.0.0-20210529142521-14eb5aca1290/go.mod h1:QbQZlarSgCPYFAmoTduiDUd4JCnolimXUswTAnSrFWY=
github.com/flywave/go3d v0.0.0-20211208020909-d2697502845a h1:H6CwqyMjCgfXULAIG2zhCdkOgkeqluBuafjEuemuVJY=
github.com/flywave/go3d v0.0.0-20211208020909-d2697502845a/go.mod h1:0/K6WtaMwhhVJb84xWStt+ALQl2EdvzW2oJqz+330GU=
