github.com/barnex/fmath v0.0.0-20150108074215-ec9671f295c2/go.mod h1:G7XW+2O6Hk/x6OP8AuwZjI8ZTyXvKDTTKaRK92gapfk=
github.com/flywave/go-proj v0.0.0-20250607132305-d70d32f5ad2d h1:V0EezhM1Lz5MONY10myipiDaH8KAunZVLoqEnzjYJZQ=
github.com/flywave/go-proj v0.0.0-20250607132305-d70d32f5ad2d/go.mod h1:RX83BRZNwcerL4DIU5TqQyKarhYx8W/cwTMYfSAwXiE=
github.com/flywave/go-tin v0.0.0-20250611104340-f25bca1483ad h1:adh+KKTXvdjei8qG3F9vrCZhtTaX/POK55I38LUVYh0=
github.com/flywave/go-tin v0.0.0-20250611104340-f25bca1483ad/go.mod h1:OFGBbky1hGhO30xl0I6IbUVdOPvjwo9qfi7zcH8fivo=
github.com/flywave/go3d v0.0.0-20210529142521-14eb5aca1290/go.mod h1:QbQZlarSgCPYFAmoTduiDUd4JCnolimXUswTAnSrFWY=
github.com/flywave/go3d v0.0.0-20250314015505-bf0fda02e242 h1:XU3CfYUCsQoAlTGMmbIWwUc7h4oPP6f7BjzffaObwP8=
github.com/flywave/go3d v0.0.0-20250314015505-bf0fda02e242/go.mod h1:bvblxPT+cF0zgDi71CuusPPWCwqU0SikE9ySl2NzeQw=
